
Microsoft Visual Studio Solution File, Format Version 12.00
# Visual Studio 15
VisualStudioVersion = 15.0.26730.16
MinimumVisualStudioVersion = 10.0.40219.1
Project("{FAE04EC0-301F-11D3-BF4B-00C04F79EFBC}") = "MonoBot", "MonoBot\MonoBot.csproj", "{932D49DA-93C5-41FD-9BE7-DCDF3BC86C97}"
EndProject
Global
	GlobalSection(SolutionConfigurationPlatforms) = preSolution
		Debug|Any CPU = Debug|Any CPU
		Release|Any CPU = Release|Any CPU
	EndGlobalSection
	GlobalSection(ProjectConfigurationPlatforms) = postSolution
		{932D49DA-93C5-41FD-9BE7-DCDF3BC86C97}.Debug|Any CPU.ActiveCfg = Debug|Any CPU
		{932D49DA-93C5-41FD-9BE7-DCDF3BC86C97}.Debug|Any CPU.Build.0 = Debug|Any CPU
		{932D49DA-93C5-41FD-9BE7-DCDF3BC86C97}.Release|Any CPU.ActiveCfg = Release|Any CPU
		{932D49DA-93C5-41FD-9BE7-DCDF3BC86C97}.Release|Any CPU.Build.0 = Release|Any CPU
	EndGlobalSection
	GlobalSection(SolutionProperties) = preSolution
		HideSolutionNode = FALSE
	EndGlobalSection
	GlobalSection(ExtensibilityGlobals) = postSolution
		SolutionGuid = {29DCD601-EDBA-4004-8043-E85D412F4917}
	EndGlobalSection
EndGlobal
